
Microsoft Visual Studio Solution File, Format Version 12.00
# Visual Studio Version 17
VisualStudioVersion = 17.6.33723.286
MinimumVisualStudioVersion = 10.0.40219.1
Project("{9A19103F-16F7-4668-BE54-9A1E7A4F7556}") = "palindromicFinder", "palindromicFinder.csproj", "{769622F3-4329-49D1-9355-9D2B927340A5}"
EndProject
Project("{FAE04EC0-301F-11D3-BF4B-00C04F79EFBC}") = "palindromicFinderTests", "..\palindromicFinderTests\palindromicFinderTests.csproj", "{2F7FA531-AD9A-4F3F-85B8-797F1C441B09}"
EndProject
Global
	GlobalSection(SolutionConfigurationPlatforms) = preSolution
		Debug|Any CPU = Debug|Any CPU
		Release|Any CPU = Release|Any CPU
	EndGlobalSection
	GlobalSection(ProjectConfigurationPlatforms) = postSolution
		{769622F3-4329-49D1-9355-9D2B927340A5}.Debug|Any CPU.ActiveCfg = Debug|Any CPU
		{769622F3-4329-49D1-9355-9D2B927340A5}.Debug|Any CPU.Build.0 = Debug|Any CPU
		{769622F3-4329-49D1-9355-9D2B927340A5}.Release|Any CPU.ActiveCfg = Release|Any CPU
		{769622F3-4329-49D1-9355-9D2B927340A5}.Release|Any CPU.Build.0 = Release|Any CPU
		{2F7FA531-AD9A-4F3F-85B8-797F1C441B09}.Debug|Any CPU.ActiveCfg = Debug|Any CPU
		{2F7FA531-AD9A-4F3F-85B8-797F1C441B09}.Debug|Any CPU.Build.0 = Debug|Any CPU
		{2F7FA531-AD9A-4F3F-85B8-797F1C441B09}.Release|Any CPU.ActiveCfg = Release|Any CPU
		{2F7FA531-AD9A-4F3F-85B8-797F1C441B09}.Release|Any CPU.Build.0 = Release|Any CPU
	EndGlobalSection
	GlobalSection(SolutionProperties) = preSolution
		HideSolutionNode = FALSE
	EndGlobalSection
	GlobalSection(ExtensibilityGlobals) = postSolution
		SolutionGuid = {1F574399-F3F5-4385-A243-0CDC6386FDFC}
	EndGlobalSection
EndGlobal
